github.com/VitalySR/task10_mod v1.0.0 h1:lPDSqnnPRCa5ZQ9H8lQRmdQXolpnSTa7Joz/NtKUaT4=
github.com/VitalySR/task10_mod v1.0.0/go.mod h1:KRBXMXgIvcRgU6b0NS2QemkoTuNLMlQKMAiCO4SSfHM=
github.com/VitalySR/task10_mod v1.1.0 h1:z/urtQNN+cpigDKt+aAyRXsNlaJs2eT8RH0IasF4rgI=
github.com/VitalySR/task10_mod v1.1.0/go.mod h1:KRBXMXgIvcRgU6b0NS2QemkoTuNLMlQKMAiCO4SSfHM=
